// !$*UTF8*$!
{
	archiveVersion = 1;
	classes = {
	};
	objectVersion = 52;
	objects = {

/* Begin PBXBuildFile section */
		BF0A658D244F2A3B00280FA6 /* DetailViewController.swift in Sources */ = {isa = PBXBuildFile; fileRef = BF0A658C244F2A3B00280FA6 /* DetailViewController.swift */; };
		BFD945DF244DC5E80012785A /* AppDelegate.swift in Sources */ = {isa = PBXBuildFile; fileRef = BFD945DE244DC5E80012785A /* AppDelegate.swift */; };
		BFD945E1244DC5E80012785A /* SceneDelegate.swift in Sources */ = {isa = PBXBuildFile; fileRef = BFD945E0244DC5E80012785A /* SceneDelegate.swift */; };
		BFD945E3244DC5E80012785A /* RootViewController.swift in Sources */ = {isa = PBXBuildFile; fileRef = BFD945E2244DC5E80012785A /* RootViewController.swift */; };
		BFD945E6244DC5E80012785A /* Root.storyboard in Resources */ = {isa = PBXBuildFile; fileRef = BFD945E4244DC5E80012785A /* Root.storyboard */; };
		BFD945E8244DC5EB0012785A /* Assets.xcassets in Resources */ = {isa = PBXBuildFile; fileRef = BFD945E7244DC5EB0012785A /* Assets.xcassets */; };
		BFD945EB244DC5EB0012785A /* LaunchScreen.storyboard in Resources */ = {isa = PBXBuildFile; fileRef = BFD945E9244DC5EB0012785A /* LaunchScreen.storyboard */; };
		BFD945F6244DC5EB0012785A /* RootPresenterTests.swift in Sources */ = {isa = PBXBuildFile; fileRef = BFD945F5244DC5EB0012785A /* RootPresenterTests.swift */; };
		BFD94601244DC5EC0012785A /* RootUITests.swift in Sources */ = {isa = PBXBuildFile; fileRef = BFD94600244DC5EC0012785A /* RootUITests.swift */; };
		CA16B54B285A0E61006421C5 /* Alamofire in Frameworks */ = {isa = PBXBuildFile; productRef = CA16B54A285A0E61006421C5 /* Alamofire */; };
		CA16B54E285A1033006421C5 /* SDWebImage in Frameworks */ = {isa = PBXBuildFile; productRef = CA16B54D285A1033006421C5 /* SDWebImage */; };
		CA16B558285A141A006421C5 /* SearchResult.swift in Sources */ = {isa = PBXBuildFile; fileRef = CA16B557285A141A006421C5 /* SearchResult.swift */; };
		CA16B55A285A1430006421C5 /* Repository.swift in Sources */ = {isa = PBXBuildFile; fileRef = CA16B559285A1430006421C5 /* Repository.swift */; };
		CA16B55C285A1448006421C5 /* Owner.swift in Sources */ = {isa = PBXBuildFile; fileRef = CA16B55B285A1448006421C5 /* Owner.swift */; };
		CA5F3FEE28571AA20095E92F /* GitHubAPIClient.swift in Sources */ = {isa = PBXBuildFile; fileRef = CA5F3FED28571AA20095E92F /* GitHubAPIClient.swift */; };
		CA6443812861C90800A75FB7 /* LoadingView.xib in Resources */ = {isa = PBXBuildFile; fileRef = CA6443802861C90800A75FB7 /* LoadingView.xib */; };
		CA6443832861C92D00A75FB7 /* LoadingView.swift in Sources */ = {isa = PBXBuildFile; fileRef = CA6443822861C92D00A75FB7 /* LoadingView.swift */; };
		CA644386286204AA00A75FB7 /* Int+Utility.swift in Sources */ = {isa = PBXBuildFile; fileRef = CA644385286204AA00A75FB7 /* Int+Utility.swift */; };
		CA6443882862147600A75FB7 /* StatusCodeCategory.swift in Sources */ = {isa = PBXBuildFile; fileRef = CA6443872862147600A75FB7 /* StatusCodeCategory.swift */; };
		CA7BDA6B285CB01700BE3A7A /* Router.swift in Sources */ = {isa = PBXBuildFile; fileRef = CA7BDA6A285CB01700BE3A7A /* Router.swift */; };
		CA7BDA6E285CB1CA00BE3A7A /* RootPresenter.swift in Sources */ = {isa = PBXBuildFile; fileRef = CA7BDA6D285CB1CA00BE3A7A /* RootPresenter.swift */; };
		CA7BDA72285CB27200BE3A7A /* RootInputCollection.swift in Sources */ = {isa = PBXBuildFile; fileRef = CA7BDA71285CB27200BE3A7A /* RootInputCollection.swift */; };
		CA7BDA74285CB29C00BE3A7A /* RootOutputCollection.swift in Sources */ = {isa = PBXBuildFile; fileRef = CA7BDA73285CB29C00BE3A7A /* RootOutputCollection.swift */; };
		CA7BDA77285CD51A00BE3A7A /* DetailInputCollection.swift in Sources */ = {isa = PBXBuildFile; fileRef = CA7BDA76285CD51A00BE3A7A /* DetailInputCollection.swift */; };
		CA7BDA79285CD54500BE3A7A /* DetailOutputCollection.swift in Sources */ = {isa = PBXBuildFile; fileRef = CA7BDA78285CD54500BE3A7A /* DetailOutputCollection.swift */; };
		CA7BDA7B285CD56F00BE3A7A /* DetailPresenter.swift in Sources */ = {isa = PBXBuildFile; fileRef = CA7BDA7A285CD56F00BE3A7A /* DetailPresenter.swift */; };
		CA7BDA7E285CDAC800BE3A7A /* GitHubAPIClientCollection.swift in Sources */ = {isa = PBXBuildFile; fileRef = CA7BDA7D285CDAC800BE3A7A /* GitHubAPIClientCollection.swift */; };
		CA85E6CC285B34B700BCB89C /* Detail.storyboard in Resources */ = {isa = PBXBuildFile; fileRef = CA85E6CE285B34B700BCB89C /* Detail.storyboard */; };
		CAB6E2BA285F2B8A006144B2 /* APIClientMock.swift in Sources */ = {isa = PBXBuildFile; fileRef = CAB6E2B9285F2B8A006144B2 /* APIClientMock.swift */; };
		CAB6E2BC285F2BAD006144B2 /* RootVCMock.swift in Sources */ = {isa = PBXBuildFile; fileRef = CAB6E2BB285F2BAD006144B2 /* RootVCMock.swift */; };
		CAB6E2BF285F3A20006144B2 /* DetailUITests.swift in Sources */ = {isa = PBXBuildFile; fileRef = CAB6E2BE285F3A20006144B2 /* DetailUITests.swift */; };
		CAB6E2C2285F3E02006144B2 /* GitHubAPIClientTests.swift in Sources */ = {isa = PBXBuildFile; fileRef = CAB6E2C1285F3E02006144B2 /* GitHubAPIClientTests.swift */; };
/* End PBXBuildFile section */

/* Begin PBXContainerItemProxy section */
		BFD945F2244DC5EB0012785A /* PBXContainerItemProxy */ = {
			isa = PBXContainerItemProxy;
			containerPortal = BFD945D3244DC5E80012785A /* Project object */;
			proxyType = 1;
			remoteGlobalIDString = BFD945DA244DC5E80012785A;
			remoteInfo = iOSEngineerCodeCheck;
		};
		BFD945FD244DC5EB0012785A /* PBXContainerItemProxy */ = {
			isa = PBXContainerItemProxy;
			containerPortal = BFD945D3244DC5E80012785A /* Project object */;
			proxyType = 1;
			remoteGlobalIDString = BFD945DA244DC5E80012785A;
			remoteInfo = iOSEngineerCodeCheck;
		};
/* End PBXContainerItemProxy section */

/* Begin PBXFileReference section */
		BF0A658C244F2A3B00280FA6 /* DetailViewController.swift */ = {isa = PBXFileReference; lastKnownFileType = sourcecode.swift; path = DetailViewController.swift; sourceTree = "<group>"; };
		BFD945DB244DC5E80012785A /* iOSEngineerCodeCheck.app */ = {isa = PBXFileReference; explicitFileType = wrapper.application; includeInIndex = 0; path = iOSEngineerCodeCheck.app; sourceTree = BUILT_PRODUCTS_DIR; };
		BFD945DE244DC5E80012785A /* AppDelegate.swift */ = {isa = PBXFileReference; lastKnownFileType = sourcecode.swift; path = AppDelegate.swift; sourceTree = "<group>"; };
		BFD945E0244DC5E80012785A /* SceneDelegate.swift */ = {isa = PBXFileReference; lastKnownFileType = sourcecode.swift; path = SceneDelegate.swift; sourceTree = "<group>"; };
		BFD945E2244DC5E80012785A /* RootViewController.swift */ = {isa = PBXFileReference; lastKnownFileType = sourcecode.swift; path = RootViewController.swift; sourceTree = "<group>"; };
		BFD945E5244DC5E80012785A /* Base */ = {isa = PBXFileReference; lastKnownFileType = file.storyboard; name = Base; path = Base.lproj/Root.storyboard; sourceTree = "<group>"; };
		BFD945E7244DC5EB0012785A /* Assets.xcassets */ = {isa = PBXFileReference; lastKnownFileType = folder.assetcatalog; path = Assets.xcassets; sourceTree = "<group>"; };
		BFD945EA244DC5EB0012785A /* Base */ = {isa = PBXFileReference; lastKnownFileType = file.storyboard; name = Base; path = Base.lproj/LaunchScreen.storyboard; sourceTree = "<group>"; };
		BFD945EC244DC5EB0012785A /* Info.plist */ = {isa = PBXFileReference; lastKnownFileType = text.plist.xml; path = Info.plist; sourceTree = "<group>"; };
		BFD945F1244DC5EB0012785A /* iOSEngineerCodeCheckTests.xctest */ = {isa = PBXFileReference; explicitFileType = wrapper.cfbundle; includeInIndex = 0; path = iOSEngineerCodeCheckTests.xctest; sourceTree = BUILT_PRODUCTS_DIR; };
		BFD945F5244DC5EB0012785A /* RootPresenterTests.swift */ = {isa = PBXFileReference; lastKnownFileType = sourcecode.swift; path = RootPresenterTests.swift; sourceTree = "<group>"; };
		BFD945F7244DC5EB0012785A /* Info.plist */ = {isa = PBXFileReference; lastKnownFileType = text.plist.xml; path = Info.plist; sourceTree = "<group>"; };
		BFD945FC244DC5EB0012785A /* iOSEngineerCodeCheckUITests.xctest */ = {isa = PBXFileReference; explicitFileType = wrapper.cfbundle; includeInIndex = 0; path = iOSEngineerCodeCheckUITests.xctest; sourceTree = BUILT_PRODUCTS_DIR; };
		BFD94600244DC5EC0012785A /* RootUITests.swift */ = {isa = PBXFileReference; lastKnownFileType = sourcecode.swift; path = RootUITests.swift; sourceTree = "<group>"; };
		BFD94602244DC5EC0012785A /* Info.plist */ = {isa = PBXFileReference; lastKnownFileType = text.plist.xml; path = Info.plist; sourceTree = "<group>"; };
		CA16B557285A141A006421C5 /* SearchResult.swift */ = {isa = PBXFileReference; lastKnownFileType = sourcecode.swift; path = SearchResult.swift; sourceTree = "<group>"; };
		CA16B559285A1430006421C5 /* Repository.swift */ = {isa = PBXFileReference; lastKnownFileType = sourcecode.swift; path = Repository.swift; sourceTree = "<group>"; };
		CA16B55B285A1448006421C5 /* Owner.swift */ = {isa = PBXFileReference; lastKnownFileType = sourcecode.swift; path = Owner.swift; sourceTree = "<group>"; };
		CA5F3FED28571AA20095E92F /* GitHubAPIClient.swift */ = {isa = PBXFileReference; lastKnownFileType = sourcecode.swift; path = GitHubAPIClient.swift; sourceTree = "<group>"; };
		CA6443802861C90800A75FB7 /* LoadingView.xib */ = {isa = PBXFileReference; lastKnownFileType = file.xib; path = LoadingView.xib; sourceTree = "<group>"; };
		CA6443822861C92D00A75FB7 /* LoadingView.swift */ = {isa = PBXFileReference; lastKnownFileType = sourcecode.swift; path = LoadingView.swift; sourceTree = "<group>"; };
		CA644385286204AA00A75FB7 /* Int+Utility.swift */ = {isa = PBXFileReference; lastKnownFileType = sourcecode.swift; path = "Int+Utility.swift"; sourceTree = "<group>"; };
		CA6443872862147600A75FB7 /* StatusCodeCategory.swift */ = {isa = PBXFileReference; lastKnownFileType = sourcecode.swift; path = StatusCodeCategory.swift; sourceTree = "<group>"; };
		CA7BDA6A285CB01700BE3A7A /* Router.swift */ = {isa = PBXFileReference; lastKnownFileType = sourcecode.swift; path = Router.swift; sourceTree = "<group>"; };
		CA7BDA6D285CB1CA00BE3A7A /* RootPresenter.swift */ = {isa = PBXFileReference; lastKnownFileType = sourcecode.swift; path = RootPresenter.swift; sourceTree = "<group>"; };
		CA7BDA71285CB27200BE3A7A /* RootInputCollection.swift */ = {isa = PBXFileReference; lastKnownFileType = sourcecode.swift; path = RootInputCollection.swift; sourceTree = "<group>"; };
		CA7BDA73285CB29C00BE3A7A /* RootOutputCollection.swift */ = {isa = PBXFileReference; lastKnownFileType = sourcecode.swift; path = RootOutputCollection.swift; sourceTree = "<group>"; };
		CA7BDA76285CD51A00BE3A7A /* DetailInputCollection.swift */ = {isa = PBXFileReference; lastKnownFileType = sourcecode.swift; path = DetailInputCollection.swift; sourceTree = "<group>"; };
		CA7BDA78285CD54500BE3A7A /* DetailOutputCollection.swift */ = {isa = PBXFileReference; lastKnownFileType = sourcecode.swift; path = DetailOutputCollection.swift; sourceTree = "<group>"; };
		CA7BDA7A285CD56F00BE3A7A /* DetailPresenter.swift */ = {isa = PBXFileReference; lastKnownFileType = sourcecode.swift; path = DetailPresenter.swift; sourceTree = "<group>"; };
		CA7BDA7D285CDAC800BE3A7A /* GitHubAPIClientCollection.swift */ = {isa = PBXFileReference; lastKnownFileType = sourcecode.swift; path = GitHubAPIClientCollection.swift; sourceTree = "<group>"; };
		CA85E6CD285B34B700BCB89C /* Base */ = {isa = PBXFileReference; lastKnownFileType = file.storyboard; name = Base; path = Base.lproj/Detail.storyboard; sourceTree = "<group>"; };
		CAB6E2B9285F2B8A006144B2 /* APIClientMock.swift */ = {isa = PBXFileReference; lastKnownFileType = sourcecode.swift; path = APIClientMock.swift; sourceTree = "<group>"; };
		CAB6E2BB285F2BAD006144B2 /* RootVCMock.swift */ = {isa = PBXFileReference; lastKnownFileType = sourcecode.swift; path = RootVCMock.swift; sourceTree = "<group>"; };
		CAB6E2BE285F3A20006144B2 /* DetailUITests.swift */ = {isa = PBXFileReference; lastKnownFileType = sourcecode.swift; path = DetailUITests.swift; sourceTree = "<group>"; };
		CAB6E2C1285F3E02006144B2 /* GitHubAPIClientTests.swift */ = {isa = PBXFileReference; lastKnownFileType = sourcecode.swift; path = GitHubAPIClientTests.swift; sourceTree = "<group>"; };
/* End PBXFileReference section */

/* Begin PBXFrameworksBuildPhase section */
		BFD945D8244DC5E80012785A /* Frameworks */ = {
			isa = PBXFrameworksBuildPhase;
			buildActionMask = 2147483647;
			files = (
				CA16B54E285A1033006421C5 /* SDWebImage in Frameworks */,
				CA16B54B285A0E61006421C5 /* Alamofire in Frameworks */,
			);
			runOnlyForDeploymentPostprocessing = 0;
		};
		BFD945EE244DC5EB0012785A /* Frameworks */ = {
			isa = PBXFrameworksBuildPhase;
			buildActionMask = 2147483647;
			files = (
			);
			runOnlyForDeploymentPostprocessing = 0;
		};
		BFD945F9244DC5EB0012785A /* Frameworks */ = {
			isa = PBXFrameworksBuildPhase;
			buildActionMask = 2147483647;
			files = (
			);
			runOnlyForDeploymentPostprocessing = 0;
		};
/* End PBXFrameworksBuildPhase section */

/* Begin PBXGroup section */
		BFD945D2244DC5E80012785A = {
			isa = PBXGroup;
			children = (
				BFD945DD244DC5E80012785A /* iOSEngineerCodeCheck */,
				BFD945F4244DC5EB0012785A /* iOSEngineerCodeCheckTests */,
				BFD945FF244DC5EB0012785A /* iOSEngineerCodeCheckUITests */,
				BFD945DC244DC5E80012785A /* Products */,
			);
			sourceTree = "<group>";
		};
		BFD945DC244DC5E80012785A /* Products */ = {
			isa = PBXGroup;
			children = (
				BFD945DB244DC5E80012785A /* iOSEngineerCodeCheck.app */,
				BFD945F1244DC5EB0012785A /* iOSEngineerCodeCheckTests.xctest */,
				BFD945FC244DC5EB0012785A /* iOSEngineerCodeCheckUITests.xctest */,
			);
			name = Products;
			sourceTree = "<group>";
		};
		BFD945DD244DC5E80012785A /* iOSEngineerCodeCheck */ = {
			isa = PBXGroup;
			children = (
				CA6443842862049600A75FB7 /* Extension */,
				CA7BDA6F285CB21000BE3A7A /* Protocol */,
				CA16B556285A13FF006421C5 /* Codable */,
				CA7BDA69285CAFD000BE3A7A /* Router */,
				CA85E6C4285B33A400BCB89C /* Screen */,
				CA7BDA6C285CB1B800BE3A7A /* Presenter */,
				CA85E6C9285B344400BCB89C /* Asset */,
				CA85E6C8285B33FE00BCB89C /* API */,
				BFD945DE244DC5E80012785A /* AppDelegate.swift */,
				BFD945E0244DC5E80012785A /* SceneDelegate.swift */,
				BFD945EC244DC5EB0012785A /* Info.plist */,
			);
			path = iOSEngineerCodeCheck;
			sourceTree = "<group>";
		};
		BFD945F4244DC5EB0012785A /* iOSEngineerCodeCheckTests */ = {
			isa = PBXGroup;
			children = (
				CAB6E2C0285F3DE6006144B2 /* API */,
				CAB6E2B7285F2AAA006144B2 /* Presenter */,
				BFD945F7244DC5EB0012785A /* Info.plist */,
			);
			path = iOSEngineerCodeCheckTests;
			sourceTree = "<group>";
		};
		BFD945FF244DC5EB0012785A /* iOSEngineerCodeCheckUITests */ = {
			isa = PBXGroup;
			children = (
				BFD94600244DC5EC0012785A /* RootUITests.swift */,
				CAB6E2BE285F3A20006144B2 /* DetailUITests.swift */,
				BFD94602244DC5EC0012785A /* Info.plist */,
			);
			path = iOSEngineerCodeCheckUITests;
			sourceTree = "<group>";
		};
		CA16B556285A13FF006421C5 /* Codable */ = {
			isa = PBXGroup;
			children = (
				CA16B557285A141A006421C5 /* SearchResult.swift */,
				CA16B559285A1430006421C5 /* Repository.swift */,
				CA16B55B285A1448006421C5 /* Owner.swift */,
			);
			path = Codable;
			sourceTree = "<group>";
		};
		CA64437F2861C85C00A75FB7 /* LoadingView */ = {
			isa = PBXGroup;
			children = (
				CA6443802861C90800A75FB7 /* LoadingView.xib */,
				CA6443822861C92D00A75FB7 /* LoadingView.swift */,
			);
			path = LoadingView;
			sourceTree = "<group>";
		};
		CA6443842862049600A75FB7 /* Extension */ = {
			isa = PBXGroup;
			children = (
				CA644385286204AA00A75FB7 /* Int+Utility.swift */,
			);
			path = Extension;
			sourceTree = "<group>";
		};
		CA7BDA69285CAFD000BE3A7A /* Router */ = {
			isa = PBXGroup;
			children = (
				CA7BDA6A285CB01700BE3A7A /* Router.swift */,
			);
			path = Router;
			sourceTree = "<group>";
		};
		CA7BDA6C285CB1B800BE3A7A /* Presenter */ = {
			isa = PBXGroup;
			children = (
				CA7BDA6D285CB1CA00BE3A7A /* RootPresenter.swift */,
				CA7BDA7A285CD56F00BE3A7A /* DetailPresenter.swift */,
			);
			path = Presenter;
			sourceTree = "<group>";
		};
		CA7BDA6F285CB21000BE3A7A /* Protocol */ = {
			isa = PBXGroup;
			children = (
				CA7BDA7C285CDA9400BE3A7A /* GitHubAPIClient */,
				CA7BDA70285CB21D00BE3A7A /* Root */,
				CA7BDA75285CD4F800BE3A7A /* Detail */,
			);
			path = Protocol;
			sourceTree = "<group>";
		};
		CA7BDA70285CB21D00BE3A7A /* Root */ = {
			isa = PBXGroup;
			children = (
				CA7BDA71285CB27200BE3A7A /* RootInputCollection.swift */,
				CA7BDA73285CB29C00BE3A7A /* RootOutputCollection.swift */,
			);
			path = Root;
			sourceTree = "<group>";
		};
		CA7BDA75285CD4F800BE3A7A /* Detail */ = {
			isa = PBXGroup;
			children = (
				CA7BDA76285CD51A00BE3A7A /* DetailInputCollection.swift */,
				CA7BDA78285CD54500BE3A7A /* DetailOutputCollection.swift */,
			);
			path = Detail;
			sourceTree = "<group>";
		};
		CA7BDA7C285CDA9400BE3A7A /* GitHubAPIClient */ = {
			isa = PBXGroup;
			children = (
				CA7BDA7D285CDAC800BE3A7A /* GitHubAPIClientCollection.swift */,
			);
			path = GitHubAPIClient;
			sourceTree = "<group>";
		};
		CA85E6C4285B33A400BCB89C /* Screen */ = {
			isa = PBXGroup;
			children = (
				CA85E6C7285B33EB00BCB89C /* LaunchScreen */,
				CA85E6C5285B33B000BCB89C /* Root */,
				CA85E6C6285B33B800BCB89C /* Detail */,
			);
			path = Screen;
			sourceTree = "<group>";
		};
		CA85E6C5285B33B000BCB89C /* Root */ = {
			isa = PBXGroup;
			children = (
				BFD945E4244DC5E80012785A /* Root.storyboard */,
				BFD945E2244DC5E80012785A /* RootViewController.swift */,
				CA64437F2861C85C00A75FB7 /* LoadingView */,
			);
			path = Root;
			sourceTree = "<group>";
		};
		CA85E6C6285B33B800BCB89C /* Detail */ = {
			isa = PBXGroup;
			children = (
				CA85E6CE285B34B700BCB89C /* Detail.storyboard */,
				BF0A658C244F2A3B00280FA6 /* DetailViewController.swift */,
			);
			path = Detail;
			sourceTree = "<group>";
		};
		CA85E6C7285B33EB00BCB89C /* LaunchScreen */ = {
			isa = PBXGroup;
			children = (
				BFD945E9244DC5EB0012785A /* LaunchScreen.storyboard */,
			);
			path = LaunchScreen;
			sourceTree = "<group>";
		};
		CA85E6C8285B33FE00BCB89C /* API */ = {
			isa = PBXGroup;
			children = (
				CA5F3FED28571AA20095E92F /* GitHubAPIClient.swift */,
				CA6443872862147600A75FB7 /* StatusCodeCategory.swift */,
			);
			path = API;
			sourceTree = "<group>";
		};
		CA85E6C9285B344400BCB89C /* Asset */ = {
			isa = PBXGroup;
			children = (
				BFD945E7244DC5EB0012785A /* Assets.xcassets */,
			);
			path = Asset;
			sourceTree = "<group>";
		};
		CAB6E2B7285F2AAA006144B2 /* Presenter */ = {
			isa = PBXGroup;
			children = (
				CAB6E2B8285F2AB2006144B2 /* Root */,
			);
			path = Presenter;
			sourceTree = "<group>";
		};
		CAB6E2B8285F2AB2006144B2 /* Root */ = {
			isa = PBXGroup;
			children = (
				BFD945F5244DC5EB0012785A /* RootPresenterTests.swift */,
				CAB6E2B9285F2B8A006144B2 /* APIClientMock.swift */,
				CAB6E2BB285F2BAD006144B2 /* RootVCMock.swift */,
			);
			path = Root;
			sourceTree = "<group>";
		};
		CAB6E2C0285F3DE6006144B2 /* API */ = {
			isa = PBXGroup;
			children = (
				CAB6E2C1285F3E02006144B2 /* GitHubAPIClientTests.swift */,
			);
			path = API;
			sourceTree = "<group>";
		};
/* End PBXGroup section */

/* Begin PBXNativeTarget section */
		BFD945DA244DC5E80012785A /* iOSEngineerCodeCheck */ = {
			isa = PBXNativeTarget;
			buildConfigurationList = BFD94605244DC5EC0012785A /* Build configuration list for PBXNativeTarget "iOSEngineerCodeCheck" */;
			buildPhases = (
				BFD945D7244DC5E80012785A /* Sources */,
				BFD945D8244DC5E80012785A /* Frameworks */,
				BFD945D9244DC5E80012785A /* Resources */,
				CA5F3FE328544BC60095E92F /* ShellScript */,
			);
			buildRules = (
			);
			dependencies = (
			);
			name = iOSEngineerCodeCheck;
			packageProductDependencies = (
				CA16B54A285A0E61006421C5 /* Alamofire */,
				CA16B54D285A1033006421C5 /* SDWebImage */,
			);
			productName = iOSEngineerCodeCheck;
			productReference = BFD945DB244DC5E80012785A /* iOSEngineerCodeCheck.app */;
			productType = "com.apple.product-type.application";
		};
		BFD945F0244DC5EB0012785A /* iOSEngineerCodeCheckTests */ = {
			isa = PBXNativeTarget;
			buildConfigurationList = BFD94608244DC5EC0012785A /* Build configuration list for PBXNativeTarget "iOSEngineerCodeCheckTests" */;
			buildPhases = (
				BFD945ED244DC5EB0012785A /* Sources */,
				BFD945EE244DC5EB0012785A /* Frameworks */,
				BFD945EF244DC5EB0012785A /* Resources */,
			);
			buildRules = (
			);
			dependencies = (
				BFD945F3244DC5EB0012785A /* PBXTargetDependency */,
			);
			name = iOSEngineerCodeCheckTests;
			productName = iOSEngineerCodeCheckTests;
			productReference = BFD945F1244DC5EB0012785A /* iOSEngineerCodeCheckTests.xctest */;
			productType = "com.apple.product-type.bundle.unit-test";
		};
		BFD945FB244DC5EB0012785A /* iOSEngineerCodeCheckUITests */ = {
			isa = PBXNativeTarget;
			buildConfigurationList = BFD9460B244DC5EC0012785A /* Build configuration list for PBXNativeTarget "iOSEngineerCodeCheckUITests" */;
			buildPhases = (
				BFD945F8244DC5EB0012785A /* Sources */,
				BFD945F9244DC5EB0012785A /* Frameworks */,
				BFD945FA244DC5EB0012785A /* Resources */,
			);
			buildRules = (
			);
			dependencies = (
				BFD945FE244DC5EB0012785A /* PBXTargetDependency */,
			);
			name = iOSEngineerCodeCheckUITests;
			productName = iOSEngineerCodeCheckUITests;
			productReference = BFD945FC244DC5EB0012785A /* iOSEngineerCodeCheckUITests.xctest */;
			productType = "com.apple.product-type.bundle.ui-testing";
		};
/* End PBXNativeTarget section */

/* Begin PBXProject section */
		BFD945D3244DC5E80012785A /* Project object */ = {
			isa = PBXProject;
			attributes = {
				LastSwiftUpdateCheck = 1300;
				LastUpgradeCheck = 1300;
				ORGANIZATIONNAME = "YUMEMI Inc.";
				TargetAttributes = {
					BFD945DA244DC5E80012785A = {
						CreatedOnToolsVersion = 11.4.1;
					};
					BFD945F0244DC5EB0012785A = {
						CreatedOnToolsVersion = 11.4.1;
						TestTargetID = BFD945DA244DC5E80012785A;
					};
					BFD945FB244DC5EB0012785A = {
						CreatedOnToolsVersion = 11.4.1;
						TestTargetID = BFD945DA244DC5E80012785A;
					};
				};
			};
			buildConfigurationList = BFD945D6244DC5E80012785A /* Build configuration list for PBXProject "iOSEngineerCodeCheck" */;
			compatibilityVersion = "Xcode 9.3";
			developmentRegion = en;
			hasScannedForEncodings = 0;
			knownRegions = (
				en,
				Base,
			);
			mainGroup = BFD945D2244DC5E80012785A;
			packageReferences = (
				CA16B549285A0E61006421C5 /* XCRemoteSwiftPackageReference "Alamofire" */,
				CA16B54C285A1033006421C5 /* XCRemoteSwiftPackageReference "SDWebImage" */,
			);
			productRefGroup = BFD945DC244DC5E80012785A /* Products */;
			projectDirPath = "";
			projectRoot = "";
			targets = (
				BFD945DA244DC5E80012785A /* iOSEngineerCodeCheck */,
				BFD945F0244DC5EB0012785A /* iOSEngineerCodeCheckTests */,
				BFD945FB244DC5EB0012785A /* iOSEngineerCodeCheckUITests */,
			);
		};
/* End PBXProject section */

/* Begin PBXResourcesBuildPhase section */
		BFD945D9244DC5E80012785A /* Resources */ = {
			isa = PBXResourcesBuildPhase;
			buildActionMask = 2147483647;
			files = (
				BFD945EB244DC5EB0012785A /* LaunchScreen.storyboard in Resources */,
				BFD945E8244DC5EB0012785A /* Assets.xcassets in Resources */,
				BFD945E6244DC5E80012785A /* Root.storyboard in Resources */,
				CA85E6CC285B34B700BCB89C /* Detail.storyboard in Resources */,
				CA6443812861C90800A75FB7 /* LoadingView.xib in Resources */,
			);
			runOnlyForDeploymentPostprocessing = 0;
		};
		BFD945EF244DC5EB0012785A /* Resources */ = {
			isa = PBXResourcesBuildPhase;
			buildActionMask = 2147483647;
			files = (
			);
			runOnlyForDeploymentPostprocessing = 0;
		};
		BFD945FA244DC5EB0012785A /* Resources */ = {
			isa = PBXResourcesBuildPhase;
			buildActionMask = 2147483647;
			files = (
			);
			runOnlyForDeploymentPostprocessing = 0;
		};
/* End PBXResourcesBuildPhase section */

/* Begin PBXShellScriptBuildPhase section */
		CA5F3FE328544BC60095E92F /* ShellScript */ = {
			isa = PBXShellScriptBuildPhase;
			buildActionMask = 2147483647;
			files = (
			);
			inputFileListPaths = (
			);
			inputPaths = (
			);
			outputFileListPaths = (
			);
			outputPaths = (
			);
			runOnlyForDeploymentPostprocessing = 0;
			shellPath = /bin/sh;
			shellScript = "export PATH=\"$PATH:/opt/homebrew/bin\"\n\nif which swiftlint; then\n    swiftlint\nelse\n  echo \"warning: SwiftLint not installed, download from https://github.com/realm/SwiftLint\"\nfi\n";
		};
/* End PBXShellScriptBuildPhase section */

/* Begin PBXSourcesBuildPhase section */
		BFD945D7244DC5E80012785A /* Sources */ = {
			isa = PBXSourcesBuildPhase;
			buildActionMask = 2147483647;
			files = (
				CA7BDA72285CB27200BE3A7A /* RootInputCollection.swift in Sources */,
				CA7BDA79285CD54500BE3A7A /* DetailOutputCollection.swift in Sources */,
				CA7BDA74285CB29C00BE3A7A /* RootOutputCollection.swift in Sources */,
				CA5F3FEE28571AA20095E92F /* GitHubAPIClient.swift in Sources */,
				CA6443832861C92D00A75FB7 /* LoadingView.swift in Sources */,
				CA7BDA77285CD51A00BE3A7A /* DetailInputCollection.swift in Sources */,
				CA16B558285A141A006421C5 /* SearchResult.swift in Sources */,
				CA7BDA6B285CB01700BE3A7A /* Router.swift in Sources */,
				CA6443882862147600A75FB7 /* StatusCodeCategory.swift in Sources */,
				BFD945E3244DC5E80012785A /* RootViewController.swift in Sources */,
				CA16B55A285A1430006421C5 /* Repository.swift in Sources */,
				CA644386286204AA00A75FB7 /* Int+Utility.swift in Sources */,
				CA16B55C285A1448006421C5 /* Owner.swift in Sources */,
				CA7BDA6E285CB1CA00BE3A7A /* RootPresenter.swift in Sources */,
				CA7BDA7B285CD56F00BE3A7A /* DetailPresenter.swift in Sources */,
				BF0A658D244F2A3B00280FA6 /* DetailViewController.swift in Sources */,
				BFD945DF244DC5E80012785A /* AppDelegate.swift in Sources */,
				CA7BDA7E285CDAC800BE3A7A /* GitHubAPIClientCollection.swift in Sources */,
				BFD945E1244DC5E80012785A /* SceneDelegate.swift in Sources */,
			);
			runOnlyForDeploymentPostprocessing = 0;
		};
		BFD945ED244DC5EB0012785A /* Sources */ = {
			isa = PBXSourcesBuildPhase;
			buildActionMask = 2147483647;
			files = (
				CAB6E2C2285F3E02006144B2 /* GitHubAPIClientTests.swift in Sources */,
				BFD945F6244DC5EB0012785A /* RootPresenterTests.swift in Sources */,
				CAB6E2BA285F2B8A006144B2 /* APIClientMock.swift in Sources */,
				CAB6E2BC285F2BAD006144B2 /* RootVCMock.swift in Sources */,
			);
			runOnlyForDeploymentPostprocessing = 0;
		};
		BFD945F8244DC5EB0012785A /* Sources */ = {
			isa = PBXSourcesBuildPhase;
			buildActionMask = 2147483647;
			files = (
				CAB6E2BF285F3A20006144B2 /* DetailUITests.swift in Sources */,
				BFD94601244DC5EC0012785A /* RootUITests.swift in Sources */,
			);
			runOnlyForDeploymentPostprocessing = 0;
		};
/* End PBXSourcesBuildPhase section */

/* Begin PBXTargetDependency section */
		BFD945F3244DC5EB0012785A /* PBXTargetDependency */ = {
			isa = PBXTargetDependency;
			target = BFD945DA244DC5E80012785A /* iOSEngineerCodeCheck */;
			targetProxy = BFD945F2244DC5EB0012785A /* PBXContainerItemProxy */;
		};
		BFD945FE244DC5EB0012785A /* PBXTargetDependency */ = {
			isa = PBXTargetDependency;
			target = BFD945DA244DC5E80012785A /* iOSEngineerCodeCheck */;
			targetProxy = BFD945FD244DC5EB0012785A /* PBXContainerItemProxy */;
		};
/* End PBXTargetDependency section */

/* Begin PBXVariantGroup section */
		BFD945E4244DC5E80012785A /* Root.storyboard */ = {
			isa = PBXVariantGroup;
			children = (
				BFD945E5244DC5E80012785A /* Base */,
			);
			name = Root.storyboard;
			sourceTree = "<group>";
		};
		BFD945E9244DC5EB0012785A /* LaunchScreen.storyboard */ = {
			isa = PBXVariantGroup;
			children = (
				BFD945EA244DC5EB0012785A /* Base */,
			);
			name = LaunchScreen.storyboard;
			sourceTree = "<group>";
		};
		CA85E6CE285B34B700BCB89C /* Detail.storyboard */ = {
			isa = PBXVariantGroup;
			children = (
				CA85E6CD285B34B700BCB89C /* Base */,
			);
			name = Detail.storyboard;
			sourceTree = "<group>";
		};
/* End PBXVariantGroup section */

/* Begin XCBuildConfiguration section */
		BFD94603244DC5EC0012785A /* Debug */ = {
			isa = XCBuildConfiguration;
			buildSettings = {
				ALWAYS_SEARCH_USER_PATHS = NO;
				CLANG_ANALYZER_NONNULL = YES;
				CLANG_ANALYZER_NUMBER_OBJECT_CONVERSION = YES_AGGRESSIVE;
				CLANG_CXX_LANGUAGE_STANDARD = "gnu++14";
				CLANG_CXX_LIBRARY = "libc++";
				CLANG_ENABLE_MODULES = YES;
				CLANG_ENABLE_OBJC_ARC = YES;
				CLANG_ENABLE_OBJC_WEAK = YES;
				CLANG_WARN_BLOCK_CAPTURE_AUTORELEASING = YES;
				CLANG_WARN_BOOL_CONVERSION = YES;
				CLANG_WARN_COMMA = YES;
				CLANG_WARN_CONSTANT_CONVERSION = YES;
				CLANG_WARN_DEPRECATED_OBJC_IMPLEMENTATIONS = YES;
				CLANG_WARN_DIRECT_OBJC_ISA_USAGE = YES_ERROR;
				CLANG_WARN_DOCUMENTATION_COMMENTS = YES;
				CLANG_WARN_EMPTY_BODY = YES;
				CLANG_WARN_ENUM_CONVERSION = YES;
				CLANG_WARN_INFINITE_RECURSION = YES;
				CLANG_WARN_INT_CONVERSION = YES;
				CLANG_WARN_NON_LITERAL_NULL_CONVERSION = YES;
				CLANG_WARN_OBJC_IMPLICIT_RETAIN_SELF = YES;
				CLANG_WARN_OBJC_LITERAL_CONVERSION = YES;
				CLANG_WARN_OBJC_ROOT_CLASS = YES_ERROR;
				CLANG_WARN_QUOTED_INCLUDE_IN_FRAMEWORK_HEADER = YES;
				CLANG_WARN_RANGE_LOOP_ANALYSIS = YES;
				CLANG_WARN_STRICT_PROTOTYPES = YES;
				CLANG_WARN_SUSPICIOUS_MOVE = YES;
				CLANG_WARN_UNGUARDED_AVAILABILITY = YES_AGGRESSIVE;
				CLANG_WARN_UNREACHABLE_CODE = YES;
				CLANG_WARN__DUPLICATE_METHOD_MATCH = YES;
				COPY_PHASE_STRIP = NO;
				DEBUG_INFORMATION_FORMAT = dwarf;
				ENABLE_STRICT_OBJC_MSGSEND = YES;
				ENABLE_TESTABILITY = YES;
				GCC_C_LANGUAGE_STANDARD = gnu11;
				GCC_DYNAMIC_NO_PIC = NO;
				GCC_NO_COMMON_BLOCKS = YES;
				GCC_OPTIMIZATION_LEVEL = 0;
				GCC_PREPROCESSOR_DEFINITIONS = (
					"DEBUG=1",
					"$(inherited)",
				);
				GCC_WARN_64_TO_32_BIT_CONVERSION = YES;
				GCC_WARN_ABOUT_RETURN_TYPE = YES_ERROR;
				GCC_WARN_UNDECLARED_SELECTOR = YES;
				GCC_WARN_UNINITIALIZED_AUTOS = YES_AGGRESSIVE;
				GCC_WARN_UNUSED_FUNCTION = YES;
				GCC_WARN_UNUSED_VARIABLE = YES;
				IPHONEOS_DEPLOYMENT_TARGET = 15.0;
				MTL_ENABLE_DEBUG_INFO = INCLUDE_SOURCE;
				MTL_FAST_MATH = YES;
				ONLY_ACTIVE_ARCH = YES;
				SDKROOT = iphoneos;
				SWIFT_ACTIVE_COMPILATION_CONDITIONS = DEBUG;
				SWIFT_OPTIMIZATION_LEVEL = "-Onone";
			};
			name = Debug;
		};
		BFD94604244DC5EC0012785A /* Release */ = {
			isa = XCBuildConfiguration;
			buildSettings = {
				ALWAYS_SEARCH_USER_PATHS = NO;
				CLANG_ANALYZER_NONNULL = YES;
				CLANG_ANALYZER_NUMBER_OBJECT_CONVERSION = YES_AGGRESSIVE;
				CLANG_CXX_LANGUAGE_STANDARD = "gnu++14";
				CLANG_CXX_LIBRARY = "libc++";
				CLANG_ENABLE_MODULES = YES;
				CLANG_ENABLE_OBJC_ARC = YES;
				CLANG_ENABLE_OBJC_WEAK = YES;
				CLANG_WARN_BLOCK_CAPTURE_AUTORELEASING = YES;
				CLANG_WARN_BOOL_CONVERSION = YES;
				CLANG_WARN_COMMA = YES;
				CLANG_WARN_CONSTANT_CONVERSION = YES;
				CLANG_WARN_DEPRECATED_OBJC_IMPLEMENTATIONS = YES;
				CLANG_WARN_DIRECT_OBJC_ISA_USAGE = YES_ERROR;
				CLANG_WARN_DOCUMENTATION_COMMENTS = YES;
				CLANG_WARN_EMPTY_BODY = YES;
				CLANG_WARN_ENUM_CONVERSION = YES;
				CLANG_WARN_INFINITE_RECURSION = YES;
				CLANG_WARN_INT_CONVERSION = YES;
				CLANG_WARN_NON_LITERAL_NULL_CONVERSION = YES;
				CLANG_WARN_OBJC_IMPLICIT_RETAIN_SELF = YES;
				CLANG_WARN_OBJC_LITERAL_CONVERSION = YES;
				CLANG_WARN_OBJC_ROOT_CLASS = YES_ERROR;
				CLANG_WARN_QUOTED_INCLUDE_IN_FRAMEWORK_HEADER = YES;
				CLANG_WARN_RANGE_LOOP_ANALYSIS = YES;
				CLANG_WARN_STRICT_PROTOTYPES = YES;
				CLANG_WARN_SUSPICIOUS_MOVE = YES;
				CLANG_WARN_UNGUARDED_AVAILABILITY = YES_AGGRESSIVE;
				CLANG_WARN_UNREACHABLE_CODE = YES;
				CLANG_WARN__DUPLICATE_METHOD_MATCH = YES;
				COPY_PHASE_STRIP = NO;
				DEBUG_INFORMATION_FORMAT = "dwarf-with-dsym";
				ENABLE_NS_ASSERTIONS = NO;
				ENABLE_STRICT_OBJC_MSGSEND = YES;
				GCC_C_LANGUAGE_STANDARD = gnu11;
				GCC_NO_COMMON_BLOCKS = YES;
				GCC_WARN_64_TO_32_BIT_CONVERSION = YES;
				GCC_WARN_ABOUT_RETURN_TYPE = YES_ERROR;
				GCC_WARN_UNDECLARED_SELECTOR = YES;
				GCC_WARN_UNINITIALIZED_AUTOS = YES_AGGRESSIVE;
				GCC_WARN_UNUSED_FUNCTION = YES;
				GCC_WARN_UNUSED_VARIABLE = YES;
				IPHONEOS_DEPLOYMENT_TARGET = 15.0;
				MTL_ENABLE_DEBUG_INFO = NO;
				MTL_FAST_MATH = YES;
				SDKROOT = iphoneos;
				SWIFT_COMPILATION_MODE = wholemodule;
				SWIFT_OPTIMIZATION_LEVEL = "-O";
				VALIDATE_PRODUCT = YES;
			};
			name = Release;
		};
		BFD94606244DC5EC0012785A /* Debug */ = {
			isa = XCBuildConfiguration;
			buildSettings = {
				ASSETCATALOG_COMPILER_APPICON_NAME = AppIcon;
				CODE_SIGN_STYLE = Automatic;
				DEVELOPMENT_TEAM = "";
				INFOPLIST_FILE = iOSEngineerCodeCheck/Info.plist;
				LD_RUNPATH_SEARCH_PATHS = (
					"$(inherited)",
					"@executable_path/Frameworks",
				);
				PRODUCT_BUNDLE_IDENTIFIER = jp.yumemi.iOSEngineerCodeCheck;
				PRODUCT_NAME = "$(TARGET_NAME)";
				SWIFT_VERSION = 5.0;
				TARGETED_DEVICE_FAMILY = "1,2";
			};
			name = Debug;
		};
		BFD94607244DC5EC0012785A /* Release */ = {
			isa = XCBuildConfiguration;
			buildSettings = {
				ASSETCATALOG_COMPILER_APPICON_NAME = AppIcon;
				CODE_SIGN_STYLE = Automatic;
				DEVELOPMENT_TEAM = "";
				INFOPLIST_FILE = iOSEngineerCodeCheck/Info.plist;
				LD_RUNPATH_SEARCH_PATHS = (
					"$(inherited)",
					"@executable_path/Frameworks",
				);
				PRODUCT_BUNDLE_IDENTIFIER = jp.yumemi.iOSEngineerCodeCheck;
				PRODUCT_NAME = "$(TARGET_NAME)";
				SWIFT_VERSION = 5.0;
				TARGETED_DEVICE_FAMILY = "1,2";
			};
			name = Release;
		};
		BFD94609244DC5EC0012785A /* Debug */ = {
			isa = XCBuildConfiguration;
			buildSettings = {
				ALWAYS_EMBED_SWIFT_STANDARD_LIBRARIES = YES;
				BUNDLE_LOADER = "$(TEST_HOST)";
				CODE_SIGN_STYLE = Automatic;
				DEVELOPMENT_TEAM = S7G9J68NLX;
				INFOPLIST_FILE = iOSEngineerCodeCheckTests/Info.plist;
				LD_RUNPATH_SEARCH_PATHS = (
					"$(inherited)",
					"@executable_path/Frameworks",
					"@loader_path/Frameworks",
				);
				PRODUCT_BUNDLE_IDENTIFIER = jp.yumemi.iOSEngineerCodeCheckTests;
				PRODUCT_NAME = "$(TARGET_NAME)";
				SWIFT_VERSION = 5.0;
				TARGETED_DEVICE_FAMILY = "1,2";
				TEST_HOST = "$(BUILT_PRODUCTS_DIR)/iOSEngineerCodeCheck.app/iOSEngineerCodeCheck";
			};
			name = Debug;
		};
		BFD9460A244DC5EC0012785A /* Release */ = {
			isa = XCBuildConfiguration;
			buildSettings = {
				ALWAYS_EMBED_SWIFT_STANDARD_LIBRARIES = YES;
				BUNDLE_LOADER = "$(TEST_HOST)";
				CODE_SIGN_STYLE = Automatic;
				DEVELOPMENT_TEAM = S7G9J68NLX;
				INFOPLIST_FILE = iOSEngineerCodeCheckTests/Info.plist;
				LD_RUNPATH_SEARCH_PATHS = (
					"$(inherited)",
					"@executable_path/Frameworks",
					"@loader_path/Frameworks",
				);
				PRODUCT_BUNDLE_IDENTIFIER = jp.yumemi.iOSEngineerCodeCheckTests;
				PRODUCT_NAME = "$(TARGET_NAME)";
				SWIFT_VERSION = 5.0;
				TARGETED_DEVICE_FAMILY = "1,2";
				TEST_HOST = "$(BUILT_PRODUCTS_DIR)/iOSEngineerCodeCheck.app/iOSEngineerCodeCheck";
			};
			name = Release;
		};
		BFD9460C244DC5EC0012785A /* Debug */ = {
			isa = XCBuildConfiguration;
			buildSettings = {
				ALWAYS_EMBED_SWIFT_STANDARD_LIBRARIES = YES;
				CODE_SIGN_STYLE = Automatic;
				DEVELOPMENT_TEAM = S7G9J68NLX;
				INFOPLIST_FILE = iOSEngineerCodeCheckUITests/Info.plist;
				LD_RUNPATH_SEARCH_PATHS = (
					"$(inherited)",
					"@executable_path/Frameworks",
					"@loader_path/Frameworks",
				);
				PRODUCT_BUNDLE_IDENTIFIER = jp.yumemi.iOSEngineerCodeCheckUITests;
				PRODUCT_NAME = "$(TARGET_NAME)";
				SWIFT_VERSION = 5.0;
				TARGETED_DEVICE_FAMILY = "1,2";
				TEST_TARGET_NAME = iOSEngineerCodeCheck;
			};
			name = Debug;
		};
		BFD9460D244DC5EC0012785A /* Release */ = {
			isa = XCBuildConfiguration;
			buildSettings = {
				ALWAYS_EMBED_SWIFT_STANDARD_LIBRARIES = YES;
				CODE_SIGN_STYLE = Automatic;
				DEVELOPMENT_TEAM = S7G9J68NLX;
				INFOPLIST_FILE = iOSEngineerCodeCheckUITests/Info.plist;
				LD_RUNPATH_SEARCH_PATHS = (
					"$(inherited)",
					"@executable_path/Frameworks",
					"@loader_path/Frameworks",
				);
				PRODUCT_BUNDLE_IDENTIFIER = jp.yumemi.iOSEngineerCodeCheckUITests;
				PRODUCT_NAME = "$(TARGET_NAME)";
				SWIFT_VERSION = 5.0;
				TARGETED_DEVICE_FAMILY = "1,2";
				TEST_TARGET_NAME = iOSEngineerCodeCheck;
			};
			name = Release;
		};
/* End XCBuildConfiguration section */

/* Begin XCConfigurationList section */
		BFD945D6244DC5E80012785A /* Build configuration list for PBXProject "iOSEngineerCodeCheck" */ = {
			isa = XCConfigurationList;
			buildConfigurations = (
				BFD94603244DC5EC0012785A /* Debug */,
				BFD94604244DC5EC0012785A /* Release */,
			);
			defaultConfigurationIsVisible = 0;
			defaultConfigurationName = Release;
		};
		BFD94605244DC5EC0012785A /* Build configuration list for PBXNativeTarget "iOSEngineerCodeCheck" */ = {
			isa = XCConfigurationList;
			buildConfigurations = (
				BFD94606244DC5EC0012785A /* Debug */,
				BFD94607244DC5EC0012785A /* Release */,
			);
			defaultConfigurationIsVisible = 0;
			defaultConfigurationName = Release;
		};
		BFD94608244DC5EC0012785A /* Build configuration list for PBXNativeTarget "iOSEngineerCodeCheckTests" */ = {
			isa = XCConfigurationList;
			buildConfigurations = (
				BFD94609244DC5EC0012785A /* Debug */,
				BFD9460A244DC5EC0012785A /* Release */,
			);
			defaultConfigurationIsVisible = 0;
			defaultConfigurationName = Release;
		};
		BFD9460B244DC5EC0012785A /* Build configuration list for PBXNativeTarget "iOSEngineerCodeCheckUITests" */ = {
			isa = XCConfigurationList;
			buildConfigurations = (
				BFD9460C244DC5EC0012785A /* Debug */,
				BFD9460D244DC5EC0012785A /* Release */,
			);
			defaultConfigurationIsVisible = 0;
			defaultConfigurationName = Release;
		};
/* End XCConfigurationList section */

/* Begin XCRemoteSwiftPackageReference section */
		CA16B549285A0E61006421C5 /* XCRemoteSwiftPackageReference "Alamofire" */ = {
			isa = XCRemoteSwiftPackageReference;
			repositoryURL = "https://github.com/Alamofire/Alamofire";
			requirement = {
				kind = upToNextMajorVersion;
				minimumVersion = 5.0.0;
			};
		};
		CA16B54C285A1033006421C5 /* XCRemoteSwiftPackageReference "SDWebImage" */ = {
			isa = XCRemoteSwiftPackageReference;
			repositoryURL = "https://github.com/SDWebImage/SDWebImage";
			requirement = {
				kind = upToNextMajorVersion;
				minimumVersion = 5.0.0;
			};
		};
/* End XCRemoteSwiftPackageReference section */

/* Begin XCSwiftPackageProductDependency section */
		CA16B54A285A0E61006421C5 /* Alamofire */ = {
			isa = XCSwiftPackageProductDependency;
			package = CA16B549285A0E61006421C5 /* XCRemoteSwiftPackageReference "Alamofire" */;
			productName = Alamofire;
		};
		CA16B54D285A1033006421C5 /* SDWebImage */ = {
			isa = XCSwiftPackageProductDependency;
			package = CA16B54C285A1033006421C5 /* XCRemoteSwiftPackageReference "SDWebImage" */;
			productName = SDWebImage;
		};
/* End XCSwiftPackageProductDependency section */
	};
	rootObject = BFD945D3244DC5E80012785A /* Project object */;
}
